Microsoft Visual Studio Solution File, Format Version 12.00
# Visual Studio Version 17
VisualStudioVersion = 17.0.31912.275
MinimumVisualStudioVersion = 10.0.40219.1
Project("{9A19103F-16F7-4668-BE54-9A1E7A4F7556}") = "SlurmFortress.Core", "src\SlurmFortress.Core\SlurmFortress.Core.csproj", "{672F79FC-DB2E-40D1-BB9D-1B50A0E522F8}"
EndProject
Project("{9A19103F-16F7-4668-BE54-9A1E7A4F7556}") = "SlurmFortress.Data", "src\SlurmFortress.Data\SlurmFortress.Data.csproj", "{FA6791C2-1195-4841-A547-F20A38F72033}"
EndProject
Project("{9A19103F-16F7-4668-BE54-9A1E7A4F7556}") = "SlurmFortress.Web.Api", "src\SlurmFortress.Web.Api\SlurmFortress.Web.Api.csproj", "{7675B242-CEDD-4C50-9505-F30005F59F8F}"
EndProject
Project("{2150E333-8FDC-42A3-9474-1A3956D46DE8}") = "Test", "Test", "{4BE86AE1-C17B-4C86-A370-5DC71C379606}"
EndProject
Project("{9A19103F-16F7-4668-BE54-9A1E7A4F7556}") = "SlurmFortress.Core.Test", "src\SlurmFortress.Core.Test\SlurmFortress.Core.Test.csproj", "{7A6C6EEB-185E-481E-B97D-CD2528ABCD3E}"
EndProject
Project("{9A19103F-16F7-4668-BE54-9A1E7A4F7556}") = "Dleh.Contracts.SlurmFortress", "src\DLeh.Contracts.SlurmFortress\Dleh.Contracts.SlurmFortress.csproj", "{5BF0525B-9782-40A3-A840-36BF2F4CB8C8}"
EndProject
Project("{9A19103F-16F7-4668-BE54-9A1E7A4F7556}") = "SlurmFortress.Web.Api.Test", "src\SlurmFortress.Web.Api.Test\SlurmFortress.Web.Api.Test.csproj", "{689F2107-E5E3-475B-B882-7596F54735DC}"
EndProject
Project("{2150E333-8FDC-42A3-9474-1A3956D46DE8}") = "Solution Items", "Solution Items", "{19DC78B0-374B-4E47-8FC9-35C040E1BF57}"
	ProjectSection(SolutionItems) = preProject
		.editorconfig = .editorconfig
		README.md = README.md
		SlurmFortress.sln.startup.json = SlurmFortress.sln.startup.json
	EndProjectSection
EndProject
Project("{2150E333-8FDC-42A3-9474-1A3956D46DE8}") = "Contracts", "Contracts", "{0D3B81AE-122F-46C3-BEBE-49944E5D9163}"
EndProject
Project("{9A19103F-16F7-4668-BE54-9A1E7A4F7556}") = "SlurmFortress.Console", "src\SlurmFortress.Console\SlurmFortress.Console.csproj", "{786B7B88-85F7-4ECA-9698-E8D54EAF28F4}"
EndProject
Project("{9A19103F-16F7-4668-BE54-9A1E7A4F7556}") = "DLeh.Services.SlurmFortress", "src\DLeh.Services.SlurmFortress\DLeh.Services.SlurmFortress.csproj", "{7B73F121-CCEB-44A7-8EB6-FEEBBED7E496}"
EndProject
Project("{9A19103F-16F7-4668-BE54-9A1E7A4F7556}") = "SlurmFortress.Web", "src\SlurmFortress.Web\SlurmFortress.Web.csproj", "{FDA0F7E0-B5C1-43C1-9F56-E66B2F23572E}"
EndProject
Global
	GlobalSection(SolutionConfigurationPlatforms) = preSolution
		Debug|Any CPU = Debug|Any CPU
		Release|Any CPU = Release|Any CPU
	EndGlobalSection
	GlobalSection(ProjectConfigurationPlatforms) = postSolution
		{672F79FC-DB2E-40D1-BB9D-1B50A0E522F8}.Debug|Any CPU.ActiveCfg = Debug|Any CPU
		{672F79FC-DB2E-40D1-BB9D-1B50A0E522F8}.Debug|Any CPU.Build.0 = Debug|Any CPU
		{672F79FC-DB2E-40D1-BB9D-1B50A0E522F8}.Release|Any CPU.ActiveCfg = Release|Any CPU
		{672F79FC-DB2E-40D1-BB9D-1B50A0E522F8}.Release|Any CPU.Build.0 = Release|Any CPU
		{FA6791C2-1195-4841-A547-F20A38F72033}.Debug|Any CPU.ActiveCfg = Debug|Any CPU
		{FA6791C2-1195-4841-A547-F20A38F72033}.Debug|Any CPU.Build.0 = Debug|Any CPU
		{FA6791C2-1195-4841-A547-F20A38F72033}.Release|Any CPU.ActiveCfg = Release|Any CPU
		{FA6791C2-1195-4841-A547-F20A38F72033}.Release|Any CPU.Build.0 = Release|Any CPU
		{7675B242-CEDD-4C50-9505-F30005F59F8F}.Debug|Any CPU.ActiveCfg = Debug|Any CPU
		{7675B242-CEDD-4C50-9505-F30005F59F8F}.Debug|Any CPU.Build.0 = Debug|Any CPU
		{7675B242-CEDD-4C50-9505-F30005F59F8F}.Release|Any CPU.ActiveCfg = Release|Any CPU
		{7675B242-CEDD-4C50-9505-F30005F59F8F}.Release|Any CPU.Build.0 = Release|Any CPU
		{7A6C6EEB-185E-481E-B97D-CD2528ABCD3E}.Debug|Any CPU.ActiveCfg = Debug|Any CPU
		{7A6C6EEB-185E-481E-B97D-CD2528ABCD3E}.Debug|Any CPU.Build.0 = Debug|Any CPU
		{7A6C6EEB-185E-481E-B97D-CD2528ABCD3E}.Release|Any CPU.ActiveCfg = Release|Any CPU
		{7A6C6EEB-185E-481E-B97D-CD2528ABCD3E}.Release|Any CPU.Build.0 = Release|Any CPU
		{5BF0525B-9782-40A3-A840-36BF2F4CB8C8}.Debug|Any CPU.ActiveCfg = Debug|Any CPU
		{5BF0525B-9782-40A3-A840-36BF2F4CB8C8}.Debug|Any CPU.Build.0 = Debug|Any CPU
		{5BF0525B-9782-40A3-A840-36BF2F4CB8C8}.Release|Any CPU.ActiveCfg = Release|Any CPU
		{5BF0525B-9782-40A3-A840-36BF2F4CB8C8}.Release|Any CPU.Build.0 = Release|Any CPU
		{689F2107-E5E3-475B-B882-7596F54735DC}.Debug|Any CPU.ActiveCfg = Debug|Any CPU
		{689F2107-E5E3-475B-B882-7596F54735DC}.Debug|Any CPU.Build.0 = Debug|Any CPU
		{689F2107-E5E3-475B-B882-7596F54735DC}.Release|Any CPU.ActiveCfg = Release|Any CPU
		{689F2107-E5E3-475B-B882-7596F54735DC}.Release|Any CPU.Build.0 = Release|Any CPU
		{786B7B88-85F7-4ECA-9698-E8D54EAF28F4}.Debug|Any CPU.ActiveCfg = Debug|Any CPU
		{786B7B88-85F7-4ECA-9698-E8D54EAF28F4}.Debug|Any CPU.Build.0 = Debug|Any CPU
		{786B7B88-85F7-4ECA-9698-E8D54EAF28F4}.Release|Any CPU.ActiveCfg = Release|Any CPU
		{786B7B88-85F7-4ECA-9698-E8D54EAF28F4}.Release|Any CPU.Build.0 = Release|Any CPU
		{7B73F121-CCEB-44A7-8EB6-FEEBBED7E496}.Debug|Any CPU.ActiveCfg = Debug|Any CPU
		{7B73F121-CCEB-44A7-8EB6-FEEBBED7E496}.Debug|Any CPU.Build.0 = Debug|Any CPU
		{7B73F121-CCEB-44A7-8EB6-FEEBBED7E496}.Release|Any CPU.ActiveCfg = Release|Any CPU
		{7B73F121-CCEB-44A7-8EB6-FEEBBED7E496}.Release|Any CPU.Build.0 = Release|Any CPU
		{FDA0F7E0-B5C1-43C1-9F56-E66B2F23572E}.Debug|Any CPU.ActiveCfg = Debug|Any CPU
		{FDA0F7E0-B5C1-43C1-9F56-E66B2F23572E}.Debug|Any CPU.Build.0 = Debug|Any CPU
		{FDA0F7E0-B5C1-43C1-9F56-E66B2F23572E}.Release|Any CPU.ActiveCfg = Release|Any CPU
		{FDA0F7E0-B5C1-43C1-9F56-E66B2F23572E}.Release|Any CPU.Build.0 = Release|Any CPU
	EndGlobalSection
	GlobalSection(SolutionProperties) = preSolution
		HideSolutionNode = FALSE
	EndGlobalSection
	GlobalSection(NestedProjects) = preSolution
		{7A6C6EEB-185E-481E-B97D-CD2528ABCD3E} = {4BE86AE1-C17B-4C86-A370-5DC71C379606}
		{5BF0525B-9782-40A3-A840-36BF2F4CB8C8} = {0D3B81AE-122F-46C3-BEBE-49944E5D9163}
		{689F2107-E5E3-475B-B882-7596F54735DC} = {4BE86AE1-C17B-4C86-A370-5DC71C379606}
		{7B73F121-CCEB-44A7-8EB6-FEEBBED7E496} = {0D3B81AE-122F-46C3-BEBE-49944E5D9163}
	EndGlobalSection
	GlobalSection(ExtensibilityGlobals) = postSolution
		SolutionGuid = {CC6202F1-CD3A-4585-918E-3932ED509926}
	EndGlobalSection
EndGlobal
